
Microsoft Visual Studio Solution File, Format Version 12.00
# Visual Studio Version 17
VisualStudioVersion = 17.2.32630.192
MinimumVisualStudioVersion = 10.0.40219.1
Project("{FAE04EC0-301F-11D3-BF4B-00C04F79EFBC}") = "Homework3", "Homework3\Homework3.csproj", "{154C1772-6071-46FB-B7F4-698707156DB2}"
EndProject
Global
	GlobalSection(SolutionConfigurationPlatforms) = preSolution
		Debug|Any CPU = Debug|Any CPU
		Release|Any CPU = Release|Any CPU
	EndGlobalSection
	GlobalSection(ProjectConfigurationPlatforms) = postSolution
		{154C1772-6071-46FB-B7F4-698707156DB2}.Debug|Any CPU.ActiveCfg = Debug|Any CPU
		{154C1772-6071-46FB-B7F4-698707156DB2}.Debug|Any CPU.Build.0 = Debug|Any CPU
		{154C1772-6071-46FB-B7F4-698707156DB2}.Release|Any CPU.ActiveCfg = Release|Any CPU
		{154C1772-6071-46FB-B7F4-698707156DB2}.Release|Any CPU.Build.0 = Release|Any CPU
	EndGlobalSection
	GlobalSection(SolutionProperties) = preSolution
		HideSolutionNode = FALSE
	EndGlobalSection
	GlobalSection(ExtensibilityGlobals) = postSolution
		SolutionGuid = {A72EAFCF-5E2E-4823-A830-7E0D81E3CC4F}
	EndGlobalSection
EndGlobal
